
Microsoft Visual Studio Solution File, Format Version 12.00
# Visual Studio 15
VisualStudioVersion = 15.0.28307.1062
MinimumVisualStudioVersion = 10.0.40219.1
Project("{FAE04EC0-301F-11D3-BF4B-00C04F79EFBC}") = "NLuaSample", "NLuaSample\NLuaSample.csproj", "{C454B205-2491-4206-A402-0F8424D7F27A}"
EndProject
Global
	GlobalSection(SolutionConfigurationPlatforms) = preSolution
		Debug|Any CPU = Debug|Any CPU
		Release|Any CPU = Release|Any CPU
	EndGlobalSection
	GlobalSection(ProjectConfigurationPlatforms) = postSolution
		{C454B205-2491-4206-A402-0F8424D7F27A}.Debug|Any CPU.ActiveCfg = Debug|Any CPU
		{C454B205-2491-4206-A402-0F8424D7F27A}.Debug|Any CPU.Build.0 = Debug|Any CPU
		{C454B205-2491-4206-A402-0F8424D7F27A}.Release|Any CPU.ActiveCfg = Release|Any CPU
		{C454B205-2491-4206-A402-0F8424D7F27A}.Release|Any CPU.Build.0 = Release|Any CPU
	EndGlobalSection
	GlobalSection(SolutionProperties) = preSolution
		HideSolutionNode = FALSE
	EndGlobalSection
	GlobalSection(ExtensibilityGlobals) = postSolution
		SolutionGuid = {B72D2357-4264-4354-BC5F-0BCDC8A4EABD}
	EndGlobalSection
EndGlobal
